// !$*UTF8*$!
{
	archiveVersion = 1;
	classes = {
	};
	objectVersion = 50;
	objects = {

/* Begin PBXBuildFile section */
		275378B7225B4A4D00D8B14A /* main.swift in Sources */ = {isa = PBXBuildFile; fileRef = 275378B6225B4A4D00D8B14A /* main.swift */; };
/* End PBXBuildFile section */

/* Begin PBXCopyFilesBuildPhase section */
		275378B1225B4A4D00D8B14A /* CopyFiles */ = {
			isa = PBXCopyFilesBuildPhase;
			buildActionMask = 2147483647;
			dstPath = /usr/share/man/man1/;
			dstSubfolderSpec = 0;
			files = (
			);
			runOnlyForDeploymentPostprocessing = 1;
		};
/* End PBXCopyFilesBuildPhase section */

/* Begin PBXFileReference section */
		2701B8E623443F1A001E4061 /* Search_in_a_Binary_Search_Tree.playground */ = {isa = PBXFileReference; lastKnownFileType = file.playground; path = Search_in_a_Binary_Search_Tree.playground; sourceTree = "<group>"; xcLanguageSpecificationIdentifier = xcode.lang.swift; };
		27058B6A2341E5D200621CF3 /* 약수의 합.playground */ = {isa = PBXFileReference; lastKnownFileType = file.playground; path = "약수의 합.playground"; sourceTree = "<group>"; xcLanguageSpecificationIdentifier = xcode.lang.swift; };
		27058B6B2341E83A00621CF3 /* Unique_Number_of_Occurrences.playground */ = {isa = PBXFileReference; lastKnownFileType = file.playground; path = Unique_Number_of_Occurrences.playground; sourceTree = "<group>"; xcLanguageSpecificationIdentifier = xcode.lang.swift; };
		27064519228D60F70020DB2A /* Remove_Outermost_Parentheses.playground */ = {isa = PBXFileReference; lastKnownFileType = file.playground; path = Remove_Outermost_Parentheses.playground; sourceTree = "<group>"; xcLanguageSpecificationIdentifier = xcode.lang.swift; };
		271AEA63234312460059E893 /* 이상한_문자_만들기.playground */ = {isa = PBXFileReference; lastKnownFileType = file.playground; path = "이상한_문자_만들기.playground"; sourceTree = "<group>"; xcLanguageSpecificationIdentifier = xcode.lang.swift; };
		271AEA6423435D740059E893 /* 짝수와_홀수.playground */ = {isa = PBXFileReference; lastKnownFileType = file.playground; path = "짝수와_홀수.playground"; sourceTree = "<group>"; xcLanguageSpecificationIdentifier = xcode.lang.swift; };
		2720DA142339A940007CFEFA /* Defanging_an_IP_Address.playground */ = {isa = PBXFileReference; lastKnownFileType = file.playground; path = Defanging_an_IP_Address.playground; sourceTree = "<group>"; xcLanguageSpecificationIdentifier = xcode.lang.swift; };
		27224484233B467B00D09BA6 /* Range_Sum_of_BST.playground */ = {isa = PBXFileReference; lastKnownFileType = file.playground; path = Range_Sum_of_BST.playground; sourceTree = "<group>"; xcLanguageSpecificationIdentifier = xcode.lang.swift; };
		27320AD0225F8AD100576525 /* N-Repeated_Element_in_Size_2N_Array.playground */ = {isa = PBXFileReference; lastKnownFileType = file.playground; path = "N-Repeated_Element_in_Size_2N_Array.playground"; sourceTree = "<group>"; xcLanguageSpecificationIdentifier = xcode.lang.swift; };
		275378B3225B4A4D00D8B14A /* Swift_PS */ = {isa = PBXFileReference; explicitFileType = "compiled.mach-o.executable"; includeInIndex = 0; path = Swift_PS; sourceTree = BUILT_PRODUCTS_DIR; };
		275378B6225B4A4D00D8B14A /* main.swift */ = {isa = PBXFileReference; lastKnownFileType = sourcecode.swift; path = main.swift; sourceTree = "<group>"; };
		275378BE225B52B800D8B14A /* Jewels_and_Stones.playground */ = {isa = PBXFileReference; lastKnownFileType = file.playground; path = Jewels_and_Stones.playground; sourceTree = "<group>"; xcLanguageSpecificationIdentifier = xcode.lang.swift; };
		275378BF225B592100D8B14A /* To_Lower_Case.playground */ = {isa = PBXFileReference; lastKnownFileType = file.playground; path = To_Lower_Case.playground; sourceTree = "<group>"; xcLanguageSpecificationIdentifier = xcode.lang.swift; };
		275378C1225B815900D8B14A /* Unique_Morse_Code_Words.playground */ = {isa = PBXFileReference; lastKnownFileType = file.playground; path = Unique_Morse_Code_Words.playground; sourceTree = "<group>"; xcLanguageSpecificationIdentifier = xcode.lang.swift; };
		27712FEB2346DBD500D7305B /* 자릿수_더하기.playground */ = {isa = PBXFileReference; lastKnownFileType = file.playground; path = "자릿수_더하기.playground"; sourceTree = "<group>"; xcLanguageSpecificationIdentifier = xcode.lang.swift; };
		277606E82260B14B00541EC6 /* Squares_of_a_Sorted_Array.playground */ = {isa = PBXFileReference; lastKnownFileType = file.playground; path = Squares_of_a_Sorted_Array.playground; sourceTree = "<group>"; xcLanguageSpecificationIdentifier = xcode.lang.swift; };
		277CED16227B2D500090844D /* DI_String_Match.playground */ = {isa = PBXFileReference; lastKnownFileType = file.playground; path = DI_String_Match.playground; sourceTree = "<group>"; xcLanguageSpecificationIdentifier = xcode.lang.swift; };
		2787CB01233F4980008595B1 /* 시저 암호.playground */ = {isa = PBXFileReference; lastKnownFileType = file.playground; path = "시저 암호.playground"; sourceTree = "<group>"; xcLanguageSpecificationIdentifier = xcode.lang.swift; };
		279510062278661D000439DF /* Hamming_Distance.playground */ = {isa = PBXFileReference; lastKnownFileType = file.playground; path = Hamming_Distance.playground; sourceTree = "<group>"; xcLanguageSpecificationIdentifier = xcode.lang.swift; };
		279A5EE7225DE42D0049EA32 /* Unique_Email_Addresses.playground */ = {isa = PBXFileReference; lastKnownFileType = file.playground; path = Unique_Email_Addresses.playground; sourceTree = "<group>"; xcLanguageSpecificationIdentifier = xcode.lang.swift; };
		27A15AEF2263454E000BFBF5 /* Flipping_an_Image.playground */ = {isa = PBXFileReference; lastKnownFileType = file.playground; path = Flipping_an_Image.playground; sourceTree = "<group>"; xcLanguageSpecificationIdentifier = xcode.lang.swift; };
		27A8246F2339D93700993CCC /* Self_Dividing_Numbers.playground */ = {isa = PBXFileReference; lastKnownFileType = file.playground; path = Self_Dividing_Numbers.playground; sourceTree = "<group>"; xcLanguageSpecificationIdentifier = xcode.lang.swift; };
		27B5E6632339F25B008D327E /* Peak _ndex_in_a_Mountain_Array.playground */ = {isa = PBXFileReference; lastKnownFileType = file.playground; path = "Peak _ndex_in_a_Mountain_Array.playground"; sourceTree = "<group>"; xcLanguageSpecificationIdentifier = xcode.lang.swift; };
		27B6B86B233B1FDE0066CA93 /* 모의고사.playground */ = {isa = PBXFileReference; lastKnownFileType = file.playground; path = "모의고사.playground"; sourceTree = "<group>"; xcLanguageSpecificationIdentifier = xcode.lang.swift; };
		27B6B86C233B205C0066CA93 /* 체육복.playground */ = {isa = PBXFileReference; lastKnownFileType = file.playground; path = "체육복.playground"; sourceTree = "<group>"; xcLanguageSpecificationIdentifier = xcode.lang.swift; };
		27B6B86D233B20D60066CA93 /* K번째수.playground */ = {isa = PBXFileReference; lastKnownFileType = file.playground; path = "K번째수.playground"; sourceTree = "<group>"; xcLanguageSpecificationIdentifier = xcode.lang.swift; };
		27B6B86E233B218B0066CA93 /* 2016년.playground */ = {isa = PBXFileReference; lastKnownFileType = file.playground; path = "2016년.playground"; sourceTree = "<group>"; xcLanguageSpecificationIdentifier = xcode.lang.swift; };
		27BD4B30233D94E9008AF8D3 /* 수박수박수박수박수박수.playground */ = {isa = PBXFileReference; lastKnownFileType = file.playground; path = "수박수박수박수박수박수.playground"; sourceTree = "<group>"; xcLanguageSpecificationIdentifier = xcode.lang.swift; };
		27BD4B31233D998E008AF8D3 /* 문자열을_정수로_바꾸기.playground */ = {isa = PBXFileReference; lastKnownFileType = file.playground; path = "문자열을_정수로_바꾸기.playground"; sourceTree = "<group>"; xcLanguageSpecificationIdentifier = xcode.lang.swift; };
		27BD4B32233DA5A0008AF8D3 /* Array_Partition_I.playground */ = {isa = PBXFileReference; lastKnownFileType = file.playground; path = Array_Partition_I.playground; sourceTree = "<group>"; xcLanguageSpecificationIdentifier = xcode.lang.swift; };
		27BFF901233C4083006F3724 /* Merge_Two_Binary_Trees.playground */ = {isa = PBXFileReference; lastKnownFileType = file.playground; path = Merge_Two_Binary_Trees.playground; sourceTree = "<group>"; xcLanguageSpecificationIdentifier = xcode.lang.swift; };
		27C0CB3F233C5CA100BB8AFD /* 문자열_내림차순으로_배치하기 .playground */ = {isa = PBXFileReference; lastKnownFileType = file.playground; path = "문자열_내림차순으로_배치하기 .playground"; sourceTree = "<group>"; xcLanguageSpecificationIdentifier = xcode.lang.swift; };
		27C0CB40233C70E100BB8AFD /* 서울에서_김서방_찾기.playground */ = {isa = PBXFileReference; lastKnownFileType = file.playground; path = "서울에서_김서방_찾기.playground"; sourceTree = "<group>"; xcLanguageSpecificationIdentifier = xcode.lang.swift; };
		27C0CB41233C73B000BB8AFD /* 소수 찾기.playground */ = {isa = PBXFileReference; lastKnownFileType = file.playground; path = "소수 찾기.playground"; sourceTree = "<group>"; xcLanguageSpecificationIdentifier = xcode.lang.swift; };
		27C5B33422602A2B0003FDE5 /* Sort_Array_By_Parity.playground */ = {isa = PBXFileReference; lastKnownFileType = file.playground; path = Sort_Array_By_Parity.playground; sourceTree = "<group>"; xcLanguageSpecificationIdentifier = xcode.lang.swift; };
		27D4AE72227031AA00FF801B /* Robot_Return_to_Origin.playground */ = {isa = PBXFileReference; lastKnownFileType = file.playground; path = Robot_Return_to_Origin.playground; sourceTree = "<group>"; xcLanguageSpecificationIdentifier = xcode.lang.swift; };
/* End PBXFileReference section */

/* Begin PBXFrameworksBuildPhase section */
		275378B0225B4A4D00D8B14A /* Frameworks */ = {
			isa = PBXFrameworksBuildPhase;
			buildActionMask = 2147483647;
			files = (
			);
			runOnlyForDeploymentPostprocessing = 0;
		};
/* End PBXFrameworksBuildPhase section */

/* Begin PBXGroup section */
		2720DA0F2339A607007CFEFA /* LeetCode */ = {
			isa = PBXGroup;
			children = (
				275378BE225B52B800D8B14A /* Jewels_and_Stones.playground */,
				275378BF225B592100D8B14A /* To_Lower_Case.playground */,
				275378C1225B815900D8B14A /* Unique_Morse_Code_Words.playground */,
				279A5EE7225DE42D0049EA32 /* Unique_Email_Addresses.playground */,
				27320AD0225F8AD100576525 /* N-Repeated_Element_in_Size_2N_Array.playground */,
				27C5B33422602A2B0003FDE5 /* Sort_Array_By_Parity.playground */,
				277606E82260B14B00541EC6 /* Squares_of_a_Sorted_Array.playground */,
				27A15AEF2263454E000BFBF5 /* Flipping_an_Image.playground */,
				27D4AE72227031AA00FF801B /* Robot_Return_to_Origin.playground */,
				279510062278661D000439DF /* Hamming_Distance.playground */,
				277CED16227B2D500090844D /* DI_String_Match.playground */,
				27064519228D60F70020DB2A /* Remove_Outermost_Parentheses.playground */,
				2720DA142339A940007CFEFA /* Defanging_an_IP_Address.playground */,
				27A8246F2339D93700993CCC /* Self_Dividing_Numbers.playground */,
				27B5E6632339F25B008D327E /* Peak _ndex_in_a_Mountain_Array.playground */,
				27224484233B467B00D09BA6 /* Range_Sum_of_BST.playground */,
				27BFF901233C4083006F3724 /* Merge_Two_Binary_Trees.playground */,
				27BD4B32233DA5A0008AF8D3 /* Array_Partition_I.playground */,
				27058B6B2341E83A00621CF3 /* Unique_Number_of_Occurrences.playground */,
				2701B8E623443F1A001E4061 /* Search_in_a_Binary_Search_Tree.playground */,
			);
			path = LeetCode;
			sourceTree = "<group>";
		};
		275378AA225B4A4D00D8B14A = {
			isa = PBXGroup;
			children = (
				275378B5225B4A4D00D8B14A /* Swift_PS */,
				275378B4225B4A4D00D8B14A /* Products */,
			);
			sourceTree = "<group>";
		};
		275378B4225B4A4D00D8B14A /* Products */ = {
			isa = PBXGroup;
			children = (
				275378B3225B4A4D00D8B14A /* Swift_PS */,
			);
			name = Products;
			sourceTree = "<group>";
		};
		275378B5225B4A4D00D8B14A /* Swift_PS */ = {
			isa = PBXGroup;
			children = (
				27B6B86A233B1F670066CA93 /* programmers */,
				2720DA0F2339A607007CFEFA /* LeetCode */,
				275378B6225B4A4D00D8B14A /* main.swift */,
			);
			path = Swift_PS;
			sourceTree = "<group>";
		};
		27B6B86A233B1F670066CA93 /* programmers */ = {
			isa = PBXGroup;
			children = (
				27B6B86B233B1FDE0066CA93 /* 모의고사.playground */,
				27B6B86C233B205C0066CA93 /* 체육복.playground */,
				27B6B86D233B20D60066CA93 /* K번째수.playground */,
				27B6B86E233B218B0066CA93 /* 2016년.playground */,
				27C0CB3F233C5CA100BB8AFD /* 문자열_내림차순으로_배치하기 .playground */,
				27C0CB40233C70E100BB8AFD /* 서울에서_김서방_찾기.playground */,
				27C0CB41233C73B000BB8AFD /* 소수 찾기.playground */,
				27BD4B30233D94E9008AF8D3 /* 수박수박수박수박수박수.playground */,
				27BD4B31233D998E008AF8D3 /* 문자열을_정수로_바꾸기.playground */,
				2787CB01233F4980008595B1 /* 시저 암호.playground */,
				27058B6A2341E5D200621CF3 /* 약수의 합.playground */,
				271AEA63234312460059E893 /* 이상한_문자_만들기.playground */,
				271AEA6423435D740059E893 /* 짝수와_홀수.playground */,
				27712FEB2346DBD500D7305B /* 자릿수_더하기.playground */,
			);
			path = programmers;
			sourceTree = "<group>";
		};
/* End PBXGroup section */

/* Begin PBXNativeTarget section */
		275378B2225B4A4D00D8B14A /* Swift_PS */ = {
			isa = PBXNativeTarget;
			buildConfigurationList = 275378BA225B4A4D00D8B14A /* Build configuration list for PBXNativeTarget "Swift_PS" */;
			buildPhases = (
				275378AF225B4A4D00D8B14A /* Sources */,
				275378B0225B4A4D00D8B14A /* Frameworks */,
				275378B1225B4A4D00D8B14A /* CopyFiles */,
			);
			buildRules = (
			);
			dependencies = (
			);
			name = Swift_PS;
			productName = Swift_PS;
			productReference = 275378B3225B4A4D00D8B14A /* Swift_PS */;
			productType = "com.apple.product-type.tool";
		};
/* End PBXNativeTarget section */

/* Begin PBXProject section */
		275378AB225B4A4D00D8B14A /* Project object */ = {
			isa = PBXProject;
			attributes = {
				LastSwiftUpdateCheck = 1020;
				LastUpgradeCheck = 1100;
				ORGANIZATIONNAME = jangre;
				TargetAttributes = {
					275378B2225B4A4D00D8B14A = {
						CreatedOnToolsVersion = 10.2;
					};
				};
			};
			buildConfigurationList = 275378AE225B4A4D00D8B14A /* Build configuration list for PBXProject "Swift_PS" */;
			compatibilityVersion = "Xcode 9.3";
			developmentRegion = en;
			hasScannedForEncodings = 0;
			knownRegions = (
				en,
				Base,
			);
			mainGroup = 275378AA225B4A4D00D8B14A;
			productRefGroup = 275378B4225B4A4D00D8B14A /* Products */;
			projectDirPath = "";
			projectRoot = "";
			targets = (
				275378B2225B4A4D00D8B14A /* Swift_PS */,
			);
		};
/* End PBXProject section */

/* Begin PBXSourcesBuildPhase section */
		275378AF225B4A4D00D8B14A /* Sources */ = {
			isa = PBXSourcesBuildPhase;
			buildActionMask = 2147483647;
			files = (
				275378B7225B4A4D00D8B14A /* main.swift in Sources */,
			);
			runOnlyForDeploymentPostprocessing = 0;
		};
/* End PBXSourcesBuildPhase section */

/* Begin XCBuildConfiguration section */
		275378B8225B4A4D00D8B14A /* Debug */ = {
			isa = XCBuildConfiguration;
			buildSettings = {
				ALWAYS_SEARCH_USER_PATHS = NO;
				CLANG_ANALYZER_NONNULL = YES;
				CLANG_ANALYZER_NUMBER_OBJECT_CONVERSION = YES_AGGRESSIVE;
				CLANG_CXX_LANGUAGE_STANDARD = "gnu++14";
				CLANG_CXX_LIBRARY = "libc++";
				CLANG_ENABLE_MODULES = YES;
				CLANG_ENABLE_OBJC_ARC = YES;
				CLANG_ENABLE_OBJC_WEAK = YES;
				CLANG_WARN_BLOCK_CAPTURE_AUTORELEASING = YES;
				CLANG_WARN_BOOL_CONVERSION = YES;
				CLANG_WARN_COMMA = YES;
				CLANG_WARN_CONSTANT_CONVERSION = YES;
				CLANG_WARN_DEPRECATED_OBJC_IMPLEMENTATIONS = YES;
				CLANG_WARN_DIRECT_OBJC_ISA_USAGE = YES_ERROR;
				CLANG_WARN_DOCUMENTATION_COMMENTS = YES;
				CLANG_WARN_EMPTY_BODY = YES;
				CLANG_WARN_ENUM_CONVERSION = YES;
				CLANG_WARN_INFINITE_RECURSION = YES;
				CLANG_WARN_INT_CONVERSION = YES;
				CLANG_WARN_NON_LITERAL_NULL_CONVERSION = YES;
				CLANG_WARN_OBJC_IMPLICIT_RETAIN_SELF = YES;
				CLANG_WARN_OBJC_LITERAL_CONVERSION = YES;
				CLANG_WARN_OBJC_ROOT_CLASS = YES_ERROR;
				CLANG_WARN_RANGE_LOOP_ANALYSIS = YES;
				CLANG_WARN_STRICT_PROTOTYPES = YES;
				CLANG_WARN_SUSPICIOUS_MOVE = YES;
				CLANG_WARN_UNGUARDED_AVAILABILITY = YES_AGGRESSIVE;
				CLANG_WARN_UNREACHABLE_CODE = YES;
				CLANG_WARN__DUPLICATE_METHOD_MATCH = YES;
				CODE_SIGN_IDENTITY = "Mac Developer";
				COPY_PHASE_STRIP = NO;
				DEBUG_INFORMATION_FORMAT = dwarf;
				ENABLE_STRICT_OBJC_MSGSEND = YES;
				ENABLE_TESTABILITY = YES;
				GCC_C_LANGUAGE_STANDARD = gnu11;
				GCC_DYNAMIC_NO_PIC = NO;
				GCC_NO_COMMON_BLOCKS = YES;
				GCC_OPTIMIZATION_LEVEL = 0;
				GCC_PREPROCESSOR_DEFINITIONS = (
					"DEBUG=1",
					"$(inherited)",
				);
				GCC_WARN_64_TO_32_BIT_CONVERSION = YES;
				GCC_WARN_ABOUT_RETURN_TYPE = YES_ERROR;
				GCC_WARN_UNDECLARED_SELECTOR = YES;
				GCC_WARN_UNINITIALIZED_AUTOS = YES_AGGRESSIVE;
				GCC_WARN_UNUSED_FUNCTION = YES;
				GCC_WARN_UNUSED_VARIABLE = YES;
				MACOSX_DEPLOYMENT_TARGET = 10.14;
				MTL_ENABLE_DEBUG_INFO = INCLUDE_SOURCE;
				MTL_FAST_MATH = YES;
				ONLY_ACTIVE_ARCH = YES;
				SDKROOT = macosx;
				SWIFT_ACTIVE_COMPILATION_CONDITIONS = DEBUG;
				SWIFT_OPTIMIZATION_LEVEL = "-Onone";
			};
			name = Debug;
		};
		275378B9225B4A4D00D8B14A /* Release */ = {
			isa = XCBuildConfiguration;
			buildSettings = {
				ALWAYS_SEARCH_USER_PATHS = NO;
				CLANG_ANALYZER_NONNULL = YES;
				CLANG_ANALYZER_NUMBER_OBJECT_CONVERSION = YES_AGGRESSIVE;
				CLANG_CXX_LANGUAGE_STANDARD = "gnu++14";
				CLANG_CXX_LIBRARY = "libc++";
				CLANG_ENABLE_MODULES = YES;
				CLANG_ENABLE_OBJC_ARC = YES;
				CLANG_ENABLE_OBJC_WEAK = YES;
				CLANG_WARN_BLOCK_CAPTURE_AUTORELEASING = YES;
				CLANG_WARN_BOOL_CONVERSION = YES;
				CLANG_WARN_COMMA = YES;
				CLANG_WARN_CONSTANT_CONVERSION = YES;
				CLANG_WARN_DEPRECATED_OBJC_IMPLEMENTATIONS = YES;
				CLANG_WARN_DIRECT_OBJC_ISA_USAGE = YES_ERROR;
				CLANG_WARN_DOCUMENTATION_COMMENTS = YES;
				CLANG_WARN_EMPTY_BODY = YES;
				CLANG_WARN_ENUM_CONVERSION = YES;
				CLANG_WARN_INFINITE_RECURSION = YES;
				CLANG_WARN_INT_CONVERSION = YES;
				CLANG_WARN_NON_LITERAL_NULL_CONVERSION = YES;
				CLANG_WARN_OBJC_IMPLICIT_RETAIN_SELF = YES;
				CLANG_WARN_OBJC_LITERAL_CONVERSION = YES;
				CLANG_WARN_OBJC_ROOT_CLASS = YES_ERROR;
				CLANG_WARN_RANGE_LOOP_ANALYSIS = YES;
				CLANG_WARN_STRICT_PROTOTYPES = YES;
				CLANG_WARN_SUSPICIOUS_MOVE = YES;
				CLANG_WARN_UNGUARDED_AVAILABILITY = YES_AGGRESSIVE;
				CLANG_WARN_UNREACHABLE_CODE = YES;
				CLANG_WARN__DUPLICATE_METHOD_MATCH = YES;
				CODE_SIGN_IDENTITY = "Mac Developer";
				COPY_PHASE_STRIP = NO;
				DEBUG_INFORMATION_FORMAT = "dwarf-with-dsym";
				ENABLE_NS_ASSERTIONS = NO;
				ENABLE_STRICT_OBJC_MSGSEND = YES;
				GCC_C_LANGUAGE_STANDARD = gnu11;
				GCC_NO_COMMON_BLOCKS = YES;
				GCC_WARN_64_TO_32_BIT_CONVERSION = YES;
				GCC_WARN_ABOUT_RETURN_TYPE = YES_ERROR;
				GCC_WARN_UNDECLARED_SELECTOR = YES;
				GCC_WARN_UNINITIALIZED_AUTOS = YES_AGGRESSIVE;
				GCC_WARN_UNUSED_FUNCTION = YES;
				GCC_WARN_UNUSED_VARIABLE = YES;
				MACOSX_DEPLOYMENT_TARGET = 10.14;
				MTL_ENABLE_DEBUG_INFO = NO;
				MTL_FAST_MATH = YES;
				SDKROOT = macosx;
				SWIFT_COMPILATION_MODE = wholemodule;
				SWIFT_OPTIMIZATION_LEVEL = "-O";
			};
			name = Release;
		};
		275378BB225B4A4D00D8B14A /* Debug */ = {
			isa = XCBuildConfiguration;
			buildSettings = {
				CODE_SIGN_IDENTITY = "-";
				CODE_SIGN_STYLE = Automatic;
				DEVELOPMENT_TEAM = 57D97FY9G4;
				PRODUCT_NAME = "$(TARGET_NAME)";
				SWIFT_VERSION = 5.0;
			};
			name = Debug;
		};
		275378BC225B4A4D00D8B14A /* Release */ = {
			isa = XCBuildConfiguration;
			buildSettings = {
				CODE_SIGN_IDENTITY = "-";
				CODE_SIGN_STYLE = Automatic;
				DEVELOPMENT_TEAM = 57D97FY9G4;
				PRODUCT_NAME = "$(TARGET_NAME)";
				SWIFT_VERSION = 5.0;
			};
			name = Release;
		};
/* End XCBuildConfiguration section */

/* Begin XCConfigurationList section */
		275378AE225B4A4D00D8B14A /* Build configuration list for PBXProject "Swift_PS" */ = {
			isa = XCConfigurationList;
			buildConfigurations = (
				275378B8225B4A4D00D8B14A /* Debug */,
				275378B9225B4A4D00D8B14A /* Release */,
			);
			defaultConfigurationIsVisible = 0;
			defaultConfigurationName = Release;
		};
		275378BA225B4A4D00D8B14A /* Build configuration list for PBXNativeTarget "Swift_PS" */ = {
			isa = XCConfigurationList;
			buildConfigurations = (
				275378BB225B4A4D00D8B14A /* Debug */,
				275378BC225B4A4D00D8B14A /* Release */,
			);
			defaultConfigurationIsVisible = 0;
			defaultConfigurationName = Release;
		};
/* End XCConfigurationList section */
	};
	rootObject = 275378AB225B4A4D00D8B14A /* Project object */;
}
